// !$*UTF8*$!
{
	archiveVersion = 1;
	classes = {
	};
	objectVersion = 50;
	objects = {

/* Begin PBXBuildFile section */
		8061FE0126EBD9030072C04C /* DefinedGameScene.swift in Sources */ = {isa = PBXBuildFile; fileRef = 8061FE0026EBD9030072C04C /* DefinedGameScene.swift */; };
		9D7B29AD26F13841007984FF /* Mr.ruiZ - Jamaica Jive copy.mp3 in Resources */ = {isa = PBXBuildFile; fileRef = 9D7B29AC26F13841007984FF /* Mr.ruiZ - Jamaica Jive copy.mp3 */; };
		9DA3608926F23CB800AD2166 /* GameOverScene.swift in Sources */ = {isa = PBXBuildFile; fileRef = 9DA3608826F23CB800AD2166 /* GameOverScene.swift */; };
		9DB6CA0F26EBC81200928E0F /* AppDelegate.swift in Sources */ = {isa = PBXBuildFile; fileRef = 9DB6CA0E26EBC81200928E0F /* AppDelegate.swift */; };
		9DB6CA1126EBC81200928E0F /* GameScene.sks in Resources */ = {isa = PBXBuildFile; fileRef = 9DB6CA1026EBC81200928E0F /* GameScene.sks */; };
		9DB6CA1326EBC81200928E0F /* Actions.sks in Resources */ = {isa = PBXBuildFile; fileRef = 9DB6CA1226EBC81200928E0F /* Actions.sks */; };
		9DB6CA1526EBC81200928E0F /* GameScene.swift in Sources */ = {isa = PBXBuildFile; fileRef = 9DB6CA1426EBC81200928E0F /* GameScene.swift */; };
		9DB6CA1726EBC81200928E0F /* GameViewController.swift in Sources */ = {isa = PBXBuildFile; fileRef = 9DB6CA1626EBC81200928E0F /* GameViewController.swift */; };
		9DB6CA1A26EBC81200928E0F /* Main.storyboard in Resources */ = {isa = PBXBuildFile; fileRef = 9DB6CA1826EBC81200928E0F /* Main.storyboard */; };
		9DB6CA1C26EBC81300928E0F /* Assets.xcassets in Resources */ = {isa = PBXBuildFile; fileRef = 9DB6CA1B26EBC81300928E0F /* Assets.xcassets */; };
		9DE4E93126EFC64500FE8C6A /* politicaextrabold.png in Resources */ = {isa = PBXBuildFile; fileRef = 9DE4E92926EFC64500FE8C6A /* politicaextrabold.png */; };
		9DE4E93226EFC64500FE8C6A /* Politica Bold.otf in Resources */ = {isa = PBXBuildFile; fileRef = 9DE4E92A26EFC64500FE8C6A /* Politica Bold.otf */; };
		9DE4E93326EFC64500FE8C6A /* POLITICA-BLACK.otf in Resources */ = {isa = PBXBuildFile; fileRef = 9DE4E92B26EFC64500FE8C6A /* POLITICA-BLACK.otf */; };
		9DE4E93426EFC64500FE8C6A /* Politica Bold Italic.otf in Resources */ = {isa = PBXBuildFile; fileRef = 9DE4E92C26EFC64500FE8C6A /* Politica Bold Italic.otf */; };
		9DE4E93526EFC64500FE8C6A /* POLITICA-EXTRABOLDITALIC.otf in Resources */ = {isa = PBXBuildFile; fileRef = 9DE4E92D26EFC64500FE8C6A /* POLITICA-EXTRABOLDITALIC.otf */; };
		9DE4E93626EFC64500FE8C6A /* POLITICA-EXTRABOLD.otf in Resources */ = {isa = PBXBuildFile; fileRef = 9DE4E92E26EFC64500FE8C6A /* POLITICA-EXTRABOLD.otf */; };
		9DE4E93726EFC64500FE8C6A /* POLITICA-BOLDITALIC.otf in Resources */ = {isa = PBXBuildFile; fileRef = 9DE4E92F26EFC64500FE8C6A /* POLITICA-BOLDITALIC.otf */; };
		9DE4E93826EFC64500FE8C6A /* POLITICA-BOLD.otf in Resources */ = {isa = PBXBuildFile; fileRef = 9DE4E93026EFC64500FE8C6A /* POLITICA-BOLD.otf */; };
		FA46EC7726EFC9B300ECD9F6 /* RunSagRun.sks in Resources */ = {isa = PBXBuildFile; fileRef = FA46EC7626EFC9B300ECD9F6 /* RunSagRun.sks */; };
		FA46EC7926EFCD0700ECD9F6 /* RunSagRun.swift in Sources */ = {isa = PBXBuildFile; fileRef = FA46EC7826EFCD0700ECD9F6 /* RunSagRun.swift */; };
		FA4AB06B26F22B6C0065FB4C /* RunSagRunControls.swift in Sources */ = {isa = PBXBuildFile; fileRef = FA4AB06A26F22B6C0065FB4C /* RunSagRunControls.swift */; };
		FA4AB06D26F282C30065FB4C /* RunSagRunEnemy.swift in Sources */ = {isa = PBXBuildFile; fileRef = FA4AB06C26F282C30065FB4C /* RunSagRunEnemy.swift */; };
		FACBC08F26F1344800E869BD /* RunSagRunComponents.swift in Sources */ = {isa = PBXBuildFile; fileRef = FACBC08E26F1344800E869BD /* RunSagRunComponents.swift */; };
/* End PBXBuildFile section */

/* Begin PBXFileReference section */
		8061FE0026EBD9030072C04C /* DefinedGameScene.swift */ = {isa = PBXFileReference; lastKnownFileType = sourcecode.swift; path = DefinedGameScene.swift; sourceTree = "<group>"; };
		9D7B29AC26F13841007984FF /* Mr.ruiZ - Jamaica Jive copy.mp3 */ = {isa = PBXFileReference; lastKnownFileType = audio.mp3; path = "Mr.ruiZ - Jamaica Jive copy.mp3"; sourceTree = "<group>"; };
		9DA3608826F23CB800AD2166 /* GameOverScene.swift */ = {isa = PBXFileReference; lastKnownFileType = sourcecode.swift; path = GameOverScene.swift; sourceTree = "<group>"; };
		9DB6CA0B26EBC81200928E0F /* SagAdventures.app */ = {isa = PBXFileReference; explicitFileType = wrapper.application; includeInIndex = 0; path = SagAdventures.app; sourceTree = BUILT_PRODUCTS_DIR; };
		9DB6CA0E26EBC81200928E0F /* AppDelegate.swift */ = {isa = PBXFileReference; lastKnownFileType = sourcecode.swift; path = AppDelegate.swift; sourceTree = "<group>"; };
		9DB6CA1026EBC81200928E0F /* GameScene.sks */ = {isa = PBXFileReference; lastKnownFileType = file.sks; path = GameScene.sks; sourceTree = "<group>"; };
		9DB6CA1226EBC81200928E0F /* Actions.sks */ = {isa = PBXFileReference; lastKnownFileType = file.sks; path = Actions.sks; sourceTree = "<group>"; };
		9DB6CA1426EBC81200928E0F /* GameScene.swift */ = {isa = PBXFileReference; lastKnownFileType = sourcecode.swift; path = GameScene.swift; sourceTree = "<group>"; };
		9DB6CA1626EBC81200928E0F /* GameViewController.swift */ = {isa = PBXFileReference; lastKnownFileType = sourcecode.swift; path = GameViewController.swift; sourceTree = "<group>"; };
		9DB6CA1926EBC81200928E0F /* Base */ = {isa = PBXFileReference; lastKnownFileType = file.storyboard; name = Base; path = Base.lproj/Main.storyboard; sourceTree = "<group>"; };
		9DB6CA1B26EBC81300928E0F /* Assets.xcassets */ = {isa = PBXFileReference; lastKnownFileType = folder.assetcatalog; path = Assets.xcassets; sourceTree = "<group>"; };
		9DB6CA1D26EBC81300928E0F /* Info.plist */ = {isa = PBXFileReference; lastKnownFileType = text.plist.xml; path = Info.plist; sourceTree = "<group>"; };
		9DE4E92926EFC64500FE8C6A /* politicaextrabold.png */ = {isa = PBXFileReference; lastKnownFileType = image.png; path = politicaextrabold.png; sourceTree = "<group>"; };
		9DE4E92A26EFC64500FE8C6A /* Politica Bold.otf */ = {isa = PBXFileReference; lastKnownFileType = file; path = "Politica Bold.otf"; sourceTree = "<group>"; };
		9DE4E92B26EFC64500FE8C6A /* POLITICA-BLACK.otf */ = {isa = PBXFileReference; lastKnownFileType = file; path = "POLITICA-BLACK.otf"; sourceTree = "<group>"; };
		9DE4E92C26EFC64500FE8C6A /* Politica Bold Italic.otf */ = {isa = PBXFileReference; lastKnownFileType = file; path = "Politica Bold Italic.otf"; sourceTree = "<group>"; };
		9DE4E92D26EFC64500FE8C6A /* POLITICA-EXTRABOLDITALIC.otf */ = {isa = PBXFileReference; lastKnownFileType = file; path = "POLITICA-EXTRABOLDITALIC.otf"; sourceTree = "<group>"; };
		9DE4E92E26EFC64500FE8C6A /* POLITICA-EXTRABOLD.otf */ = {isa = PBXFileReference; lastKnownFileType = file; path = "POLITICA-EXTRABOLD.otf"; sourceTree = "<group>"; };
		9DE4E92F26EFC64500FE8C6A /* POLITICA-BOLDITALIC.otf */ = {isa = PBXFileReference; lastKnownFileType = file; path = "POLITICA-BOLDITALIC.otf"; sourceTree = "<group>"; };
		9DE4E93026EFC64500FE8C6A /* POLITICA-BOLD.otf */ = {isa = PBXFileReference; lastKnownFileType = file; path = "POLITICA-BOLD.otf"; sourceTree = "<group>"; };
		FA46EC7626EFC9B300ECD9F6 /* RunSagRun.sks */ = {isa = PBXFileReference; lastKnownFileType = file.sks; path = RunSagRun.sks; sourceTree = "<group>"; };
		FA46EC7826EFCD0700ECD9F6 /* RunSagRun.swift */ = {isa = PBXFileReference; lastKnownFileType = sourcecode.swift; path = RunSagRun.swift; sourceTree = "<group>"; };
		FA4AB06A26F22B6C0065FB4C /* RunSagRunControls.swift */ = {isa = PBXFileReference; lastKnownFileType = sourcecode.swift; path = RunSagRunControls.swift; sourceTree = "<group>"; };
		FA4AB06C26F282C30065FB4C /* RunSagRunEnemy.swift */ = {isa = PBXFileReference; lastKnownFileType = sourcecode.swift; path = RunSagRunEnemy.swift; sourceTree = "<group>"; };
		FACBC08E26F1344800E869BD /* RunSagRunComponents.swift */ = {isa = PBXFileReference; lastKnownFileType = sourcecode.swift; path = RunSagRunComponents.swift; sourceTree = "<group>"; };
/* End PBXFileReference section */

/* Begin PBXFrameworksBuildPhase section */
		9DB6CA0826EBC81200928E0F /* Frameworks */ = {
			isa = PBXFrameworksBuildPhase;
			buildActionMask = 2147483647;
			files = (
			);
			runOnlyForDeploymentPostprocessing = 0;
		};
/* End PBXFrameworksBuildPhase section */

/* Begin PBXGroup section */
		8061FDFF26EBD8BB0072C04C /* Resources */ = {
			isa = PBXGroup;
			children = (
				8061FE0026EBD9030072C04C /* DefinedGameScene.swift */,
			);
			path = Resources;
			sourceTree = "<group>";
		};
		9D7B29AB26F1382A007984FF /* Sounds */ = {
			isa = PBXGroup;
			children = (
				9D7B29AC26F13841007984FF /* Mr.ruiZ - Jamaica Jive copy.mp3 */,
			);
			path = Sounds;
			sourceTree = "<group>";
		};
		9DB6CA0226EBC81200928E0F = {
			isa = PBXGroup;
			children = (
				9DB6CA0D26EBC81200928E0F /* SagAdventures */,
				9DB6CA0C26EBC81200928E0F /* Products */,
			);
			sourceTree = "<group>";
		};
		9DB6CA0C26EBC81200928E0F /* Products */ = {
			isa = PBXGroup;
			children = (
				9DB6CA0B26EBC81200928E0F /* SagAdventures.app */,
			);
			name = Products;
			sourceTree = "<group>";
		};
		9DB6CA0D26EBC81200928E0F /* SagAdventures */ = {
			isa = PBXGroup;
			children = (
				9D7B29AB26F1382A007984FF /* Sounds */,
				9DE4E92826EFC4F900FE8C6A /* Fonts */,
				8061FDFF26EBD8BB0072C04C /* Resources */,
				9DB6CA0E26EBC81200928E0F /* AppDelegate.swift */,
				9DB6CA1226EBC81200928E0F /* Actions.sks */,
				9DB6CA1426EBC81200928E0F /* GameScene.swift */,
				9DB6CA1026EBC81200928E0F /* GameScene.sks */,
				9DB6CA1626EBC81200928E0F /* GameViewController.swift */,
				9DB6CA1826EBC81200928E0F /* Main.storyboard */,
				9DB6CA1B26EBC81300928E0F /* Assets.xcassets */,
				9DB6CA1D26EBC81300928E0F /* Info.plist */,
				FA46EC7626EFC9B300ECD9F6 /* RunSagRun.sks */,
				FA46EC7826EFCD0700ECD9F6 /* RunSagRun.swift */,
				FACBC08E26F1344800E869BD /* RunSagRunComponents.swift */,
				9DA3608826F23CB800AD2166 /* GameOverScene.swift */,
				FA4AB06A26F22B6C0065FB4C /* RunSagRunControls.swift */,
				FA4AB06C26F282C30065FB4C /* RunSagRunEnemy.swift */,
			);
			path = SagAdventures;
			sourceTree = "<group>";
		};
		9DE4E92826EFC4F900FE8C6A /* Fonts */ = {
			isa = PBXGroup;
			children = (
				9DE4E92C26EFC64500FE8C6A /* Politica Bold Italic.otf */,
				9DE4E92A26EFC64500FE8C6A /* Politica Bold.otf */,
				9DE4E92B26EFC64500FE8C6A /* POLITICA-BLACK.otf */,
				9DE4E93026EFC64500FE8C6A /* POLITICA-BOLD.otf */,
				9DE4E92F26EFC64500FE8C6A /* POLITICA-BOLDITALIC.otf */,
				9DE4E92E26EFC64500FE8C6A /* POLITICA-EXTRABOLD.otf */,
				9DE4E92D26EFC64500FE8C6A /* POLITICA-EXTRABOLDITALIC.otf */,
				9DE4E92926EFC64500FE8C6A /* politicaextrabold.png */,
			);
			path = Fonts;
			sourceTree = "<group>";
		};
/* End PBXGroup section */

/* Begin PBXNativeTarget section */
		9DB6CA0A26EBC81200928E0F /* SagAdventures */ = {
			isa = PBXNativeTarget;
			buildConfigurationList = 9DB6CA2026EBC81300928E0F /* Build configuration list for PBXNativeTarget "SagAdventures" */;
			buildPhases = (
				9DB6CA0726EBC81200928E0F /* Sources */,
				9DB6CA0826EBC81200928E0F /* Frameworks */,
				9DB6CA0926EBC81200928E0F /* Resources */,
			);
			buildRules = (
			);
			dependencies = (
			);
			name = SagAdventures;
			productName = SagAdventures;
			productReference = 9DB6CA0B26EBC81200928E0F /* SagAdventures.app */;
			productType = "com.apple.product-type.application";
		};
/* End PBXNativeTarget section */

/* Begin PBXProject section */
		9DB6CA0326EBC81200928E0F /* Project object */ = {
			isa = PBXProject;
			attributes = {
				LastSwiftUpdateCheck = 1250;
				LastUpgradeCheck = 1250;
				TargetAttributes = {
					9DB6CA0A26EBC81200928E0F = {
						CreatedOnToolsVersion = 12.5.1;
					};
				};
			};
			buildConfigurationList = 9DB6CA0626EBC81200928E0F /* Build configuration list for PBXProject "SagAdventures" */;
			compatibilityVersion = "Xcode 9.3";
			developmentRegion = en;
			hasScannedForEncodings = 0;
			knownRegions = (
				en,
				Base,
			);
			mainGroup = 9DB6CA0226EBC81200928E0F;
			productRefGroup = 9DB6CA0C26EBC81200928E0F /* Products */;
			projectDirPath = "";
			projectRoot = "";
			targets = (
				9DB6CA0A26EBC81200928E0F /* SagAdventures */,
			);
		};
/* End PBXProject section */

/* Begin PBXResourcesBuildPhase section */
		9DB6CA0926EBC81200928E0F /* Resources */ = {
			isa = PBXResourcesBuildPhase;
			buildActionMask = 2147483647;
			files = (
				9D7B29AD26F13841007984FF /* Mr.ruiZ - Jamaica Jive copy.mp3 in Resources */,
				9DE4E93326EFC64500FE8C6A /* POLITICA-BLACK.otf in Resources */,
				9DE4E93226EFC64500FE8C6A /* Politica Bold.otf in Resources */,
				9DB6CA1A26EBC81200928E0F /* Main.storyboard in Resources */,
				9DE4E93426EFC64500FE8C6A /* Politica Bold Italic.otf in Resources */,
				9DE4E93126EFC64500FE8C6A /* politicaextrabold.png in Resources */,
				9DB6CA1126EBC81200928E0F /* GameScene.sks in Resources */,
				FA46EC7726EFC9B300ECD9F6 /* RunSagRun.sks in Resources */,
				9DE4E93626EFC64500FE8C6A /* POLITICA-EXTRABOLD.otf in Resources */,
				9DB6CA1C26EBC81300928E0F /* Assets.xcassets in Resources */,
				9DB6CA1326EBC81200928E0F /* Actions.sks in Resources */,
				9DE4E93526EFC64500FE8C6A /* POLITICA-EXTRABOLDITALIC.otf in Resources */,
				9DE4E93726EFC64500FE8C6A /* POLITICA-BOLDITALIC.otf in Resources */,
				9DE4E93826EFC64500FE8C6A /* POLITICA-BOLD.otf in Resources */,
			);
			runOnlyForDeploymentPostprocessing = 0;
		};
/* End PBXResourcesBuildPhase section */

/* Begin PBXSourcesBuildPhase section */
		9DB6CA0726EBC81200928E0F /* Sources */ = {
			isa = PBXSourcesBuildPhase;
			buildActionMask = 2147483647;
			files = (
				8061FE0126EBD9030072C04C /* DefinedGameScene.swift in Sources */,
				9DB6CA1526EBC81200928E0F /* GameScene.swift in Sources */,
				9DA3608926F23CB800AD2166 /* GameOverScene.swift in Sources */,
				FA4AB06B26F22B6C0065FB4C /* RunSagRunControls.swift in Sources */,
				FA46EC7926EFCD0700ECD9F6 /* RunSagRun.swift in Sources */,
				FACBC08F26F1344800E869BD /* RunSagRunComponents.swift in Sources */,
				9DB6CA1726EBC81200928E0F /* GameViewController.swift in Sources */,
				FA4AB06D26F282C30065FB4C /* RunSagRunEnemy.swift in Sources */,
				9DB6CA0F26EBC81200928E0F /* AppDelegate.swift in Sources */,
			);
			runOnlyForDeploymentPostprocessing = 0;
		};
/* End PBXSourcesBuildPhase section */

/* Begin PBXVariantGroup section */
		9DB6CA1826EBC81200928E0F /* Main.storyboard */ = {
			isa = PBXVariantGroup;
			children = (
				9DB6CA1926EBC81200928E0F /* Base */,
			);
			name = Main.storyboard;
			sourceTree = "<group>";
		};
/* End PBXVariantGroup section */

/* Begin XCBuildConfiguration section */
		9DB6CA1E26EBC81300928E0F /* Debug */ = {
			isa = XCBuildConfiguration;
			buildSettings = {
				ALWAYS_SEARCH_USER_PATHS = NO;
				CLANG_ANALYZER_NONNULL = YES;
				CLANG_ANALYZER_NUMBER_OBJECT_CONVERSION = YES_AGGRESSIVE;
				CLANG_CXX_LANGUAGE_STANDARD = "gnu++14";
				CLANG_CXX_LIBRARY = "libc++";
				CLANG_ENABLE_MODULES = YES;
				CLANG_ENABLE_OBJC_ARC = YES;
				CLANG_ENABLE_OBJC_WEAK = YES;
				CLANG_WARN_BLOCK_CAPTURE_AUTORELEASING = YES;
				CLANG_WARN_BOOL_CONVERSION = YES;
				CLANG_WARN_COMMA = YES;
				CLANG_WARN_CONSTANT_CONVERSION = YES;
				CLANG_WARN_DEPRECATED_OBJC_IMPLEMENTATIONS = YES;
				CLANG_WARN_DIRECT_OBJC_ISA_USAGE = YES_ERROR;
				CLANG_WARN_DOCUMENTATION_COMMENTS = YES;
				CLANG_WARN_EMPTY_BODY = YES;
				CLANG_WARN_ENUM_CONVERSION = YES;
				CLANG_WARN_INFINITE_RECURSION = YES;
				CLANG_WARN_INT_CONVERSION = YES;
				CLANG_WARN_NON_LITERAL_NULL_CONVERSION = YES;
				CLANG_WARN_OBJC_IMPLICIT_RETAIN_SELF = YES;
				CLANG_WARN_OBJC_LITERAL_CONVERSION = YES;
				CLANG_WARN_OBJC_ROOT_CLASS = YES_ERROR;
				CLANG_WARN_QUOTED_INCLUDE_IN_FRAMEWORK_HEADER = YES;
				CLANG_WARN_RANGE_LOOP_ANALYSIS = YES;
				CLANG_WARN_STRICT_PROTOTYPES = YES;
				CLANG_WARN_SUSPICIOUS_MOVE = YES;
				CLANG_WARN_UNGUARDED_AVAILABILITY = YES_AGGRESSIVE;
				CLANG_WARN_UNREACHABLE_CODE = YES;
				CLANG_WARN__DUPLICATE_METHOD_MATCH = YES;
				COPY_PHASE_STRIP = NO;
				DEBUG_INFORMATION_FORMAT = dwarf;
				ENABLE_STRICT_OBJC_MSGSEND = YES;
				ENABLE_TESTABILITY = YES;
				GCC_C_LANGUAGE_STANDARD = gnu11;
				GCC_DYNAMIC_NO_PIC = NO;
				GCC_NO_COMMON_BLOCKS = YES;
				GCC_OPTIMIZATION_LEVEL = 0;
				GCC_PREPROCESSOR_DEFINITIONS = (
					"DEBUG=1",
					"$(inherited)",
				);
				GCC_WARN_64_TO_32_BIT_CONVERSION = YES;
				GCC_WARN_ABOUT_RETURN_TYPE = YES_ERROR;
				GCC_WARN_UNDECLARED_SELECTOR = YES;
				GCC_WARN_UNINITIALIZED_AUTOS = YES_AGGRESSIVE;
				GCC_WARN_UNUSED_FUNCTION = YES;
				GCC_WARN_UNUSED_VARIABLE = YES;
				IPHONEOS_DEPLOYMENT_TARGET = 14.5;
				MTL_ENABLE_DEBUG_INFO = INCLUDE_SOURCE;
				MTL_FAST_MATH = YES;
				ONLY_ACTIVE_ARCH = YES;
				SDKROOT = iphoneos;
				SWIFT_ACTIVE_COMPILATION_CONDITIONS = DEBUG;
				SWIFT_OPTIMIZATION_LEVEL = "-Onone";
			};
			name = Debug;
		};
		9DB6CA1F26EBC81300928E0F /* Release */ = {
			isa = XCBuildConfiguration;
			buildSettings = {
				ALWAYS_SEARCH_USER_PATHS = NO;
				CLANG_ANALYZER_NONNULL = YES;
				CLANG_ANALYZER_NUMBER_OBJECT_CONVERSION = YES_AGGRESSIVE;
				CLANG_CXX_LANGUAGE_STANDARD = "gnu++14";
				CLANG_CXX_LIBRARY = "libc++";
				CLANG_ENABLE_MODULES = YES;
				CLANG_ENABLE_OBJC_ARC = YES;
				CLANG_ENABLE_OBJC_WEAK = YES;
				CLANG_WARN_BLOCK_CAPTURE_AUTORELEASING = YES;
				CLANG_WARN_BOOL_CONVERSION = YES;
				CLANG_WARN_COMMA = YES;
				CLANG_WARN_CONSTANT_CONVERSION = YES;
				CLANG_WARN_DEPRECATED_OBJC_IMPLEMENTATIONS = YES;
				CLANG_WARN_DIRECT_OBJC_ISA_USAGE = YES_ERROR;
				CLANG_WARN_DOCUMENTATION_COMMENTS = YES;
				CLANG_WARN_EMPTY_BODY = YES;
				CLANG_WARN_ENUM_CONVERSION = YES;
				CLANG_WARN_INFINITE_RECURSION = YES;
				CLANG_WARN_INT_CONVERSION = YES;
				CLANG_WARN_NON_LITERAL_NULL_CONVERSION = YES;
				CLANG_WARN_OBJC_IMPLICIT_RETAIN_SELF = YES;
				CLANG_WARN_OBJC_LITERAL_CONVERSION = YES;
				CLANG_WARN_OBJC_ROOT_CLASS = YES_ERROR;
				CLANG_WARN_QUOTED_INCLUDE_IN_FRAMEWORK_HEADER = YES;
				CLANG_WARN_RANGE_LOOP_ANALYSIS = YES;
				CLANG_WARN_STRICT_PROTOTYPES = YES;
				CLANG_WARN_SUSPICIOUS_MOVE = YES;
				CLANG_WARN_UNGUARDED_AVAILABILITY = YES_AGGRESSIVE;
				CLANG_WARN_UNREACHABLE_CODE = YES;
				CLANG_WARN__DUPLICATE_METHOD_MATCH = YES;
				COPY_PHASE_STRIP = NO;
				DEBUG_INFORMATION_FORMAT = "dwarf-with-dsym";
				ENABLE_NS_ASSERTIONS = NO;
				ENABLE_STRICT_OBJC_MSGSEND = YES;
				GCC_C_LANGUAGE_STANDARD = gnu11;
				GCC_NO_COMMON_BLOCKS = YES;
				GCC_WARN_64_TO_32_BIT_CONVERSION = YES;
				GCC_WARN_ABOUT_RETURN_TYPE = YES_ERROR;
				GCC_WARN_UNDECLARED_SELECTOR = YES;
				GCC_WARN_UNINITIALIZED_AUTOS = YES_AGGRESSIVE;
				GCC_WARN_UNUSED_FUNCTION = YES;
				GCC_WARN_UNUSED_VARIABLE = YES;
				IPHONEOS_DEPLOYMENT_TARGET = 14.5;
				MTL_ENABLE_DEBUG_INFO = NO;
				MTL_FAST_MATH = YES;
				SDKROOT = iphoneos;
				SWIFT_COMPILATION_MODE = wholemodule;
				SWIFT_OPTIMIZATION_LEVEL = "-O";
				VALIDATE_PRODUCT = YES;
			};
			name = Release;
		};
		9DB6CA2126EBC81300928E0F /* Debug */ = {
			isa = XCBuildConfiguration;
			buildSettings = {
				ASSETCATALOG_COMPILER_APPICON_NAME = AppIcon;
				ASSETCATALOG_COMPILER_GLOBAL_ACCENT_COLOR_NAME = AccentColor;
				CODE_SIGN_STYLE = Automatic;
				DEVELOPMENT_TEAM = TTJUS38QJA;
				INFOPLIST_FILE = SagAdventures/Info.plist;
				LD_RUNPATH_SEARCH_PATHS = (
					"$(inherited)",
					"@executable_path/Frameworks",
				);
				PRODUCT_BUNDLE_IDENTIFIER = com.rodrigoTarouco.SagAdventures;
				PRODUCT_NAME = "$(TARGET_NAME)";
				SWIFT_VERSION = 5.0;
				TARGETED_DEVICE_FAMILY = "1,2";
			};
			name = Debug;
		};
		9DB6CA2226EBC81300928E0F /* Release */ = {
			isa = XCBuildConfiguration;
			buildSettings = {
				ASSETCATALOG_COMPILER_APPICON_NAME = AppIcon;
				ASSETCATALOG_COMPILER_GLOBAL_ACCENT_COLOR_NAME = AccentColor;
				CODE_SIGN_STYLE = Automatic;
				DEVELOPMENT_TEAM = TTJUS38QJA;
				INFOPLIST_FILE = SagAdventures/Info.plist;
				LD_RUNPATH_SEARCH_PATHS = (
					"$(inherited)",
					"@executable_path/Frameworks",
				);
				PRODUCT_BUNDLE_IDENTIFIER = com.rodrigoTarouco.SagAdventures;
				PRODUCT_NAME = "$(TARGET_NAME)";
				SWIFT_VERSION = 5.0;
				TARGETED_DEVICE_FAMILY = "1,2";
			};
			name = Release;
		};
/* End XCBuildConfiguration section */

/* Begin XCConfigurationList section */
		9DB6CA0626EBC81200928E0F /* Build configuration list for PBXProject "SagAdventures" */ = {
			isa = XCConfigurationList;
			buildConfigurations = (
				9DB6CA1E26EBC81300928E0F /* Debug */,
				9DB6CA1F26EBC81300928E0F /* Release */,
			);
			defaultConfigurationIsVisible = 0;
			defaultConfigurationName = Release;
		};
		9DB6CA2026EBC81300928E0F /* Build configuration list for PBXNativeTarget "SagAdventures" */ = {
			isa = XCConfigurationList;
			buildConfigurations = (
				9DB6CA2126EBC81300928E0F /* Debug */,
				9DB6CA2226EBC81300928E0F /* Release */,
			);
			defaultConfigurationIsVisible = 0;
			defaultConfigurationName = Release;
		};
/* End XCConfigurationList section */
	};
	rootObject = 9DB6CA0326EBC81200928E0F /* Project object */;
}
